
Microsoft Visual Studio Solution File, Format Version 12.00
# Visual Studio Version 17
VisualStudioVersion = 17.13.35617.110 d17.13
MinimumVisualStudioVersion = 10.0.40219.1
Project("{FAE04EC0-301F-11D3-BF4B-00C04F79EFBC}") = "OOP_Grundlagen", "OOP_Grundlagen\OOP_Grundlagen.csproj", "{55CCAA39-9982-41A2-B3C5-8AC7D76A6A5F}"
EndProject
Global
	GlobalSection(SolutionConfigurationPlatforms) = preSolution
		Debug|Any CPU = Debug|Any CPU
		Release|Any CPU = Release|Any CPU
	EndGlobalSection
	GlobalSection(ProjectConfigurationPlatforms) = postSolution
		{55CCAA39-9982-41A2-B3C5-8AC7D76A6A5F}.Debug|Any CPU.ActiveCfg = Debug|Any CPU
		{55CCAA39-9982-41A2-B3C5-8AC7D76A6A5F}.Debug|Any CPU.Build.0 = Debug|Any CPU
		{55CCAA39-9982-41A2-B3C5-8AC7D76A6A5F}.Release|Any CPU.ActiveCfg = Release|Any CPU
		{55CCAA39-9982-41A2-B3C5-8AC7D76A6A5F}.Release|Any CPU.Build.0 = Release|Any CPU
	EndGlobalSection
	GlobalSection(SolutionProperties) = preSolution
		HideSolutionNode = FALSE
	EndGlobalSection
	GlobalSection(ExtensibilityGlobals) = postSolution
		SolutionGuid = {52DB089E-6B42-44FA-8BD8-EDEAF24BA08F}
	EndGlobalSection
EndGlobal
